// !$*UTF8*$!
{
	archiveVersion = 1;
	classes = {
	};
	objectVersion = 46;
	objects = {

/* Begin PBXBuildFile section */
		C00CA5FD1BBAFD1D00B8F505 /* AppDelegate.swift in Sources */ = {isa = PBXBuildFile; fileRef = C00CA5FC1BBAFD1D00B8F505 /* AppDelegate.swift */; };
		C00CA5FF1BBAFD1D00B8F505 /* ViewController.swift in Sources */ = {isa = PBXBuildFile; fileRef = C00CA5FE1BBAFD1D00B8F505 /* ViewController.swift */; };
		C00CA6021BBAFD1D00B8F505 /* Main.storyboard in Resources */ = {isa = PBXBuildFile; fileRef = C00CA6001BBAFD1D00B8F505 /* Main.storyboard */; };
		C00CA6041BBAFD1D00B8F505 /* Images.xcassets in Resources */ = {isa = PBXBuildFile; fileRef = C00CA6031BBAFD1D00B8F505 /* Images.xcassets */; };
		C00CA6071BBAFD1D00B8F505 /* LaunchScreen.xib in Resources */ = {isa = PBXBuildFile; fileRef = C00CA6051BBAFD1D00B8F505 /* LaunchScreen.xib */; };
		C00CA6131BBAFD1D00B8F505 /* ProfilingDyldTests.swift in Sources */ = {isa = PBXBuildFile; fileRef = C00CA6121BBAFD1D00B8F505 /* ProfilingDyldTests.swift */; };
		C00CA6E61BBAFFA300B8F505 /* AFNetworking.framework in CopyFiles */ = {isa = PBXBuildFile; fileRef = C00CA6401BBAFF0500B8F505 /* AFNetworking.framework */; settings = {ATTRIBUTES = (CodeSignOnCopy, RemoveHeadersOnCopy, ); }; };
		C00CA6E71BBAFFA300B8F505 /* Alamofire.framework in CopyFiles */ = {isa = PBXBuildFile; fileRef = C00CA6411BBAFF0500B8F505 /* Alamofire.framework */; settings = {ATTRIBUTES = (CodeSignOnCopy, RemoveHeadersOnCopy, ); }; };
		C00CA6E81BBAFFA300B8F505 /* Aspects.framework in CopyFiles */ = {isa = PBXBuildFile; fileRef = C00CA6421BBAFF0500B8F505 /* Aspects.framework */; settings = {ATTRIBUTES = (CodeSignOnCopy, RemoveHeadersOnCopy, ); }; };
		C00CA6E91BBAFFA300B8F505 /* AWSAutoScaling.framework in CopyFiles */ = {isa = PBXBuildFile; fileRef = C00CA6431BBAFF0500B8F505 /* AWSAutoScaling.framework */; settings = {ATTRIBUTES = (CodeSignOnCopy, RemoveHeadersOnCopy, ); }; };
		C00CA6EA1BBAFFA300B8F505 /* AWSCloudWatch.framework in CopyFiles */ = {isa = PBXBuildFile; fileRef = C00CA6441BBAFF0500B8F505 /* AWSCloudWatch.framework */; settings = {ATTRIBUTES = (CodeSignOnCopy, RemoveHeadersOnCopy, ); }; };
		C00CA6EB1BBAFFA300B8F505 /* AWSCognito.framework in CopyFiles */ = {isa = PBXBuildFile; fileRef = C00CA6451BBAFF0500B8F505 /* AWSCognito.framework */; settings = {ATTRIBUTES = (CodeSignOnCopy, RemoveHeadersOnCopy, ); }; };
		C00CA6EC1BBAFFA300B8F505 /* AWSCore.framework in CopyFiles */ = {isa = PBXBuildFile; fileRef = C00CA6461BBAFF0500B8F505 /* AWSCore.framework */; settings = {ATTRIBUTES = (CodeSignOnCopy, RemoveHeadersOnCopy, ); }; };
		C00CA6ED1BBAFFA300B8F505 /* AWSDynamoDB.framework in CopyFiles */ = {isa = PBXBuildFile; fileRef = C00CA6471BBAFF0500B8F505 /* AWSDynamoDB.framework */; settings = {ATTRIBUTES = (CodeSignOnCopy, RemoveHeadersOnCopy, ); }; };
		C00CA6EE1BBAFFA300B8F505 /* AWSEC2.framework in CopyFiles */ = {isa = PBXBuildFile; fileRef = C00CA6481BBAFF0500B8F505 /* AWSEC2.framework */; settings = {ATTRIBUTES = (CodeSignOnCopy, RemoveHeadersOnCopy, ); }; };
		C00CA6EF1BBAFFA300B8F505 /* AWSElasticLoadBalancing.framework in CopyFiles */ = {isa = PBXBuildFile; fileRef = C00CA6491BBAFF0500B8F505 /* AWSElasticLoadBalancing.framework */; settings = {ATTRIBUTES = (CodeSignOnCopy, RemoveHeadersOnCopy, ); }; };
		C00CA6F01BBAFFA300B8F505 /* AWSKinesis.framework in CopyFiles */ = {isa = PBXBuildFile; fileRef = C00CA64A1BBAFF0500B8F505 /* AWSKinesis.framework */; settings = {ATTRIBUTES = (CodeSignOnCopy, RemoveHeadersOnCopy, ); }; };
		C00CA6F11BBAFFA300B8F505 /* AWSS3.framework in CopyFiles */ = {isa = PBXBuildFile; fileRef = C00CA64B1BBAFF0500B8F505 /* AWSS3.framework */; settings = {ATTRIBUTES = (CodeSignOnCopy, RemoveHeadersOnCopy, ); }; };
		C00CA6F21BBAFFA300B8F505 /* AWSSES.framework in CopyFiles */ = {isa = PBXBuildFile; fileRef = C00CA64C1BBAFF0500B8F505 /* AWSSES.framework */; settings = {ATTRIBUTES = (CodeSignOnCopy, RemoveHeadersOnCopy, ); }; };
		C00CA6F31BBAFFA300B8F505 /* AWSSimpleDB.framework in CopyFiles */ = {isa = PBXBuildFile; fileRef = C00CA64D1BBAFF0500B8F505 /* AWSSimpleDB.framework */; settings = {ATTRIBUTES = (CodeSignOnCopy, RemoveHeadersOnCopy, ); }; };
		C00CA6F41BBAFFA300B8F505 /* AWSSNS.framework in CopyFiles */ = {isa = PBXBuildFile; fileRef = C00CA64E1BBAFF0500B8F505 /* AWSSNS.framework */; settings = {ATTRIBUTES = (CodeSignOnCopy, RemoveHeadersOnCopy, ); }; };
		C00CA6F51BBAFFA300B8F505 /* AWSSQS.framework in CopyFiles */ = {isa = PBXBuildFile; fileRef = C00CA64F1BBAFF0500B8F505 /* AWSSQS.framework */; settings = {ATTRIBUTES = (CodeSignOnCopy, RemoveHeadersOnCopy, ); }; };
		C00CA6F61BBAFFA300B8F505 /* BlocksKit.framework in CopyFiles */ = {isa = PBXBuildFile; fileRef = C00CA6501BBAFF0500B8F505 /* BlocksKit.framework */; settings = {ATTRIBUTES = (CodeSignOnCopy, RemoveHeadersOnCopy, ); }; };
		C00CA6F71BBAFFA300B8F505 /* Bolts.framework in CopyFiles */ = {isa = PBXBuildFile; fileRef = C00CA6511BBAFF0500B8F505 /* Bolts.framework */; settings = {ATTRIBUTES = (CodeSignOnCopy, RemoveHeadersOnCopy, ); }; };
		C00CA6F81BBAFFA300B8F505 /* CocoaAsyncSocket.framework in CopyFiles */ = {isa = PBXBuildFile; fileRef = C00CA6521BBAFF0500B8F505 /* CocoaAsyncSocket.framework */; settings = {ATTRIBUTES = (CodeSignOnCopy, RemoveHeadersOnCopy, ); }; };
		C00CA6F91BBAFFA300B8F505 /* CocoaLumberjack.framework in CopyFiles */ = {isa = PBXBuildFile; fileRef = C00CA6531BBAFF0500B8F505 /* CocoaLumberjack.framework */; settings = {ATTRIBUTES = (CodeSignOnCopy, RemoveHeadersOnCopy, ); }; };
		C00CA6FA1BBAFFA300B8F505 /* FLEX.framework in CopyFiles */ = {isa = PBXBuildFile; fileRef = C00CA6541BBAFF0500B8F505 /* FLEX.framework */; settings = {ATTRIBUTES = (CodeSignOnCopy, RemoveHeadersOnCopy, ); }; };
		C00CA6FB1BBAFFA300B8F505 /* FMDB.framework in CopyFiles */ = {isa = PBXBuildFile; fileRef = C00CA6551BBAFF0500B8F505 /* FMDB.framework */; settings = {ATTRIBUTES = (CodeSignOnCopy, RemoveHeadersOnCopy, ); }; };
		C00CA6FC1BBAFFA300B8F505 /* FXBlurView.framework in CopyFiles */ = {isa = PBXBuildFile; fileRef = C00CA6561BBAFF0500B8F505 /* FXBlurView.framework */; settings = {ATTRIBUTES = (CodeSignOnCopy, RemoveHeadersOnCopy, ); }; };
		C00CA6FD1BBAFFA300B8F505 /* GBDeviceInfo.framework in CopyFiles */ = {isa = PBXBuildFile; fileRef = C00CA6571BBAFF0500B8F505 /* GBDeviceInfo.framework */; settings = {ATTRIBUTES = (CodeSignOnCopy, RemoveHeadersOnCopy, ); }; };
		C00CA6FE1BBAFFA300B8F505 /* GZIP.framework in CopyFiles */ = {isa = PBXBuildFile; fileRef = C00CA6581BBAFF0500B8F505 /* GZIP.framework */; settings = {ATTRIBUTES = (CodeSignOnCopy, RemoveHeadersOnCopy, ); }; };
		C00CA6FF1BBAFFA300B8F505 /* HexColors.framework in CopyFiles */ = {isa = PBXBuildFile; fileRef = C00CA6591BBAFF0500B8F505 /* HexColors.framework */; settings = {ATTRIBUTES = (CodeSignOnCopy, RemoveHeadersOnCopy, ); }; };
		C00CA7001BBAFFA300B8F505 /* JSQSystemSoundPlayer.framework in CopyFiles */ = {isa = PBXBuildFile; fileRef = C00CA65A1BBAFF0500B8F505 /* JSQSystemSoundPlayer.framework */; settings = {ATTRIBUTES = (CodeSignOnCopy, RemoveHeadersOnCopy, ); }; };
		C00CA7011BBAFFA300B8F505 /* MagicalRecord.framework in CopyFiles */ = {isa = PBXBuildFile; fileRef = C00CA65B1BBAFF0500B8F505 /* MagicalRecord.framework */; settings = {ATTRIBUTES = (CodeSignOnCopy, RemoveHeadersOnCopy, ); }; };
		C00CA7021BBAFFA300B8F505 /* Mantle.framework in CopyFiles */ = {isa = PBXBuildFile; fileRef = C00CA65C1BBAFF0500B8F505 /* Mantle.framework */; settings = {ATTRIBUTES = (CodeSignOnCopy, RemoveHeadersOnCopy, ); }; };
		C00CA7031BBAFFA300B8F505 /* MAObjCRuntime.framework in CopyFiles */ = {isa = PBXBuildFile; fileRef = C00CA65D1BBAFF0500B8F505 /* MAObjCRuntime.framework */; settings = {ATTRIBUTES = (CodeSignOnCopy, RemoveHeadersOnCopy, ); }; };
		C00CA7041BBAFFA300B8F505 /* Masonry.framework in CopyFiles */ = {isa = PBXBuildFile; fileRef = C00CA65E1BBAFF0500B8F505 /* Masonry.framework */; settings = {ATTRIBUTES = (CodeSignOnCopy, RemoveHeadersOnCopy, ); }; };
		C00CA7061BBAFFA300B8F505 /* Mixpanel.framework in CopyFiles */ = {isa = PBXBuildFile; fileRef = C00CA6601BBAFF0500B8F505 /* Mixpanel.framework */; settings = {ATTRIBUTES = (CodeSignOnCopy, RemoveHeadersOnCopy, ); }; };
		C00CA7071BBAFFA300B8F505 /* Moya.framework in CopyFiles */ = {isa = PBXBuildFile; fileRef = C00CA6611BBAFF0500B8F505 /* Moya.framework */; settings = {ATTRIBUTES = (CodeSignOnCopy, RemoveHeadersOnCopy, ); }; };
		C00CA7081BBAFFA300B8F505 /* NJKWebViewProgress.framework in CopyFiles */ = {isa = PBXBuildFile; fileRef = C00CA6621BBAFF0500B8F505 /* NJKWebViewProgress.framework */; settings = {ATTRIBUTES = (CodeSignOnCopy, RemoveHeadersOnCopy, ); }; };
		C00CA7091BBAFFA300B8F505 /* NPReachability.framework in CopyFiles */ = {isa = PBXBuildFile; fileRef = C00CA6631BBAFF0500B8F505 /* NPReachability.framework */; settings = {ATTRIBUTES = (CodeSignOnCopy, RemoveHeadersOnCopy, ); }; };
		C00CA70A1BBAFFA300B8F505 /* ObjectiveSugar.framework in CopyFiles */ = {isa = PBXBuildFile; fileRef = C00CA6641BBAFF0500B8F505 /* ObjectiveSugar.framework */; settings = {ATTRIBUTES = (CodeSignOnCopy, RemoveHeadersOnCopy, ); }; };
		C00CA70C1BBAFFA300B8F505 /* Reachability.framework in CopyFiles */ = {isa = PBXBuildFile; fileRef = C00CA6661BBAFF0500B8F505 /* Reachability.framework */; settings = {ATTRIBUTES = (CodeSignOnCopy, RemoveHeadersOnCopy, ); }; };
		C00CA70D1BBAFFA300B8F505 /* SAMCategories.framework in CopyFiles */ = {isa = PBXBuildFile; fileRef = C00CA6671BBAFF0500B8F505 /* SAMCategories.framework */; settings = {ATTRIBUTES = (CodeSignOnCopy, RemoveHeadersOnCopy, ); }; };
		C00CA70E1BBAFFA300B8F505 /* Shimmer.framework in CopyFiles */ = {isa = PBXBuildFile; fileRef = C00CA6681BBAFF0500B8F505 /* Shimmer.framework */; settings = {ATTRIBUTES = (CodeSignOnCopy, RemoveHeadersOnCopy, ); }; };
		C00CA7121BBAFFA300B8F505 /* SMXMLDocument.framework in CopyFiles */ = {isa = PBXBuildFile; fileRef = C00CA66C1BBAFF0500B8F505 /* SMXMLDocument.framework */; settings = {ATTRIBUTES = (CodeSignOnCopy, RemoveHeadersOnCopy, ); }; };
		C00CA7141BBAFFA300B8F505 /* SSKeychain.framework in CopyFiles */ = {isa = PBXBuildFile; fileRef = C00CA66E1BBAFF0500B8F505 /* SSKeychain.framework */; settings = {ATTRIBUTES = (CodeSignOnCopy, RemoveHeadersOnCopy, ); }; };
		C00CA7151BBAFFA300B8F505 /* STPTransitions.framework in CopyFiles */ = {isa = PBXBuildFile; fileRef = C00CA66F1BBAFF0500B8F505 /* STPTransitions.framework */; settings = {ATTRIBUTES = (CodeSignOnCopy, RemoveHeadersOnCopy, ); }; };
		C00CA7161BBAFFA400B8F505 /* TMCache.framework in CopyFiles */ = {isa = PBXBuildFile; fileRef = C00CA6701BBAFF0500B8F505 /* TMCache.framework */; settings = {ATTRIBUTES = (CodeSignOnCopy, RemoveHeadersOnCopy, ); }; };
		C00CA7171BBAFFA400B8F505 /* TOMSMorphingLabel.framework in CopyFiles */ = {isa = PBXBuildFile; fileRef = C00CA6711BBAFF0500B8F505 /* TOMSMorphingLabel.framework */; settings = {ATTRIBUTES = (CodeSignOnCopy, RemoveHeadersOnCopy, ); }; };
		C00CA7181BBAFFA400B8F505 /* UICKeyChainStore.framework in CopyFiles */ = {isa = PBXBuildFile; fileRef = C00CA6721BBAFF0500B8F505 /* UICKeyChainStore.framework */; settings = {ATTRIBUTES = (CodeSignOnCopy, RemoveHeadersOnCopy, ); }; };
		C00CA7191BBAFFA400B8F505 /* UIImage_PDF.framework in CopyFiles */ = {isa = PBXBuildFile; fileRef = C00CA6731BBAFF0500B8F505 /* UIImage_PDF.framework */; settings = {ATTRIBUTES = (CodeSignOnCopy, RemoveHeadersOnCopy, ); }; };
		C00CA71A1BBAFFA400B8F505 /* XMLDictionary.framework in CopyFiles */ = {isa = PBXBuildFile; fileRef = C00CA6741BBAFF0500B8F505 /* XMLDictionary.framework */; settings = {ATTRIBUTES = (CodeSignOnCopy, RemoveHeadersOnCopy, ); }; };
		C00CA71B1BBAFFA400B8F505 /* YapDatabase.framework in CopyFiles */ = {isa = PBXBuildFile; fileRef = C00CA6751BBAFF0500B8F505 /* YapDatabase.framework */; settings = {ATTRIBUTES = (CodeSignOnCopy, RemoveHeadersOnCopy, ); }; };
		C00CA71C1BBAFFA400B8F505 /* zipzap.framework in CopyFiles */ = {isa = PBXBuildFile; fileRef = C00CA6761BBAFF0500B8F505 /* zipzap.framework */; settings = {ATTRIBUTES = (CodeSignOnCopy, RemoveHeadersOnCopy, ); }; };
/* End PBXBuildFile section */

/* Begin PBXContainerItemProxy section */
		C00CA60D1BBAFD1D00B8F505 /* PBXContainerItemProxy */ = {
			isa = PBXContainerItemProxy;
			containerPortal = C00CA5EF1BBAFD1D00B8F505 /* Project object */;
			proxyType = 1;
			remoteGlobalIDString = C00CA5F61BBAFD1D00B8F505;
			remoteInfo = ProfilingDyld;
		};
/* End PBXContainerItemProxy section */

/* Begin PBXCopyFilesBuildPhase section */
		C00CA6E51BBAFF9000B8F505 /* CopyFiles */ = {
			isa = PBXCopyFilesBuildPhase;
			buildActionMask = 2147483647;
			dstPath = "";
			dstSubfolderSpec = 10;
			files = (
				C00CA6E61BBAFFA300B8F505 /* AFNetworking.framework in CopyFiles */,
				C00CA6E71BBAFFA300B8F505 /* Alamofire.framework in CopyFiles */,
				C00CA6E81BBAFFA300B8F505 /* Aspects.framework in CopyFiles */,
				C00CA6E91BBAFFA300B8F505 /* AWSAutoScaling.framework in CopyFiles */,
				C00CA6EA1BBAFFA300B8F505 /* AWSCloudWatch.framework in CopyFiles */,
				C00CA6EB1BBAFFA300B8F505 /* AWSCognito.framework in CopyFiles */,
				C00CA6EC1BBAFFA300B8F505 /* AWSCore.framework in CopyFiles */,
				C00CA6ED1BBAFFA300B8F505 /* AWSDynamoDB.framework in CopyFiles */,
				C00CA6EE1BBAFFA300B8F505 /* AWSEC2.framework in CopyFiles */,
				C00CA6EF1BBAFFA300B8F505 /* AWSElasticLoadBalancing.framework in CopyFiles */,
				C00CA6F01BBAFFA300B8F505 /* AWSKinesis.framework in CopyFiles */,
				C00CA6F11BBAFFA300B8F505 /* AWSS3.framework in CopyFiles */,
				C00CA6F21BBAFFA300B8F505 /* AWSSES.framework in CopyFiles */,
				C00CA6F31BBAFFA300B8F505 /* AWSSimpleDB.framework in CopyFiles */,
				C00CA6F41BBAFFA300B8F505 /* AWSSNS.framework in CopyFiles */,
				C00CA6F51BBAFFA300B8F505 /* AWSSQS.framework in CopyFiles */,
				C00CA6F61BBAFFA300B8F505 /* BlocksKit.framework in CopyFiles */,
				C00CA6F71BBAFFA300B8F505 /* Bolts.framework in CopyFiles */,
				C00CA6F81BBAFFA300B8F505 /* CocoaAsyncSocket.framework in CopyFiles */,
				C00CA6F91BBAFFA300B8F505 /* CocoaLumberjack.framework in CopyFiles */,
				C00CA6FA1BBAFFA300B8F505 /* FLEX.framework in CopyFiles */,
				C00CA6FB1BBAFFA300B8F505 /* FMDB.framework in CopyFiles */,
				C00CA6FC1BBAFFA300B8F505 /* FXBlurView.framework in CopyFiles */,
				C00CA6FD1BBAFFA300B8F505 /* GBDeviceInfo.framework in CopyFiles */,
				C00CA6FE1BBAFFA300B8F505 /* GZIP.framework in CopyFiles */,
				C00CA6FF1BBAFFA300B8F505 /* HexColors.framework in CopyFiles */,
				C00CA7001BBAFFA300B8F505 /* JSQSystemSoundPlayer.framework in CopyFiles */,
				C00CA7011BBAFFA300B8F505 /* MagicalRecord.framework in CopyFiles */,
				C00CA7021BBAFFA300B8F505 /* Mantle.framework in CopyFiles */,
				C00CA7031BBAFFA300B8F505 /* MAObjCRuntime.framework in CopyFiles */,
				C00CA7041BBAFFA300B8F505 /* Masonry.framework in CopyFiles */,
				C00CA7061BBAFFA300B8F505 /* Mixpanel.framework in CopyFiles */,
				C00CA7071BBAFFA300B8F505 /* Moya.framework in CopyFiles */,
				C00CA7081BBAFFA300B8F505 /* NJKWebViewProgress.framework in CopyFiles */,
				C00CA7091BBAFFA300B8F505 /* NPReachability.framework in CopyFiles */,
				C00CA70A1BBAFFA300B8F505 /* ObjectiveSugar.framework in CopyFiles */,
				C00CA70C1BBAFFA300B8F505 /* Reachability.framework in CopyFiles */,
				C00CA70D1BBAFFA300B8F505 /* SAMCategories.framework in CopyFiles */,
				C00CA70E1BBAFFA300B8F505 /* Shimmer.framework in CopyFiles */,
				C00CA7121BBAFFA300B8F505 /* SMXMLDocument.framework in CopyFiles */,
				C00CA7141BBAFFA300B8F505 /* SSKeychain.framework in CopyFiles */,
				C00CA7151BBAFFA300B8F505 /* STPTransitions.framework in CopyFiles */,
				C00CA7161BBAFFA400B8F505 /* TMCache.framework in CopyFiles */,
				C00CA7171BBAFFA400B8F505 /* TOMSMorphingLabel.framework in CopyFiles */,
				C00CA7181BBAFFA400B8F505 /* UICKeyChainStore.framework in CopyFiles */,
				C00CA7191BBAFFA400B8F505 /* UIImage_PDF.framework in CopyFiles */,
				C00CA71A1BBAFFA400B8F505 /* XMLDictionary.framework in CopyFiles */,
				C00CA71B1BBAFFA400B8F505 /* YapDatabase.framework in CopyFiles */,
				C00CA71C1BBAFFA400B8F505 /* zipzap.framework in CopyFiles */,
			);
			runOnlyForDeploymentPostprocessing = 0;
		};
/* End PBXCopyFilesBuildPhase section */

/* Begin PBXFileReference section */
		C00CA5F71BBAFD1D00B8F505 /* ProfilingDyld.app */ = {isa = PBXFileReference; explicitFileType = wrapper.application; includeInIndex = 0; path = ProfilingDyld.app; sourceTree = BUILT_PRODUCTS_DIR; };
		C00CA5FB1BBAFD1D00B8F505 /* Info.plist */ = {isa = PBXFileReference; lastKnownFileType = text.plist.xml; path = Info.plist; sourceTree = "<group>"; };
		C00CA5FC1BBAFD1D00B8F505 /* AppDelegate.swift */ = {isa = PBXFileReference; lastKnownFileType = sourcecode.swift; path = AppDelegate.swift; sourceTree = "<group>"; };
		C00CA5FE1BBAFD1D00B8F505 /* ViewController.swift */ = {isa = PBXFileReference; lastKnownFileType = sourcecode.swift; path = ViewController.swift; sourceTree = "<group>"; };
		C00CA6011BBAFD1D00B8F505 /* Base */ = {isa = PBXFileReference; lastKnownFileType = file.storyboard; name = Base; path = Base.lproj/Main.storyboard; sourceTree = "<group>"; };
		C00CA6031BBAFD1D00B8F505 /* Images.xcassets */ = {isa = PBXFileReference; lastKnownFileType = folder.assetcatalog; path = Images.xcassets; sourceTree = "<group>"; };
		C00CA6061BBAFD1D00B8F505 /* Base */ = {isa = PBXFileReference; lastKnownFileType = file.xib; name = Base; path = Base.lproj/LaunchScreen.xib; sourceTree = "<group>"; };
		C00CA60C1BBAFD1D00B8F505 /* ProfilingDyldTests.xctest */ = {isa = PBXFileReference; explicitFileType = wrapper.cfbundle; includeInIndex = 0; path = ProfilingDyldTests.xctest; sourceTree = BUILT_PRODUCTS_DIR; };
		C00CA6111BBAFD1D00B8F505 /* Info.plist */ = {isa = PBXFileReference; lastKnownFileType = text.plist.xml; path = Info.plist; sourceTree = "<group>"; };
		C00CA6121BBAFD1D00B8F505 /* ProfilingDyldTests.swift */ = {isa = PBXFileReference; lastKnownFileType = sourcecode.swift; path = ProfilingDyldTests.swift; sourceTree = "<group>"; };
		C00CA6401BBAFF0500B8F505 /* AFNetworking.framework */ = {isa = PBXFileReference; lastKnownFileType = wrapper.framework; path = AFNetworking.framework; sourceTree = "<group>"; };
		C00CA6411BBAFF0500B8F505 /* Alamofire.framework */ = {isa = PBXFileReference; lastKnownFileType = wrapper.framework; path = Alamofire.framework; sourceTree = "<group>"; };
		C00CA6421BBAFF0500B8F505 /* Aspects.framework */ = {isa = PBXFileReference; lastKnownFileType = wrapper.framework; path = Aspects.framework; sourceTree = "<group>"; };
		C00CA6431BBAFF0500B8F505 /* AWSAutoScaling.framework */ = {isa = PBXFileReference; lastKnownFileType = wrapper.framework; path = AWSAutoScaling.framework; sourceTree = "<group>"; };
		C00CA6441BBAFF0500B8F505 /* AWSCloudWatch.framework */ = {isa = PBXFileReference; lastKnownFileType = wrapper.framework; path = AWSCloudWatch.framework; sourceTree = "<group>"; };
		C00CA6451BBAFF0500B8F505 /* AWSCognito.framework */ = {isa = PBXFileReference; lastKnownFileType = wrapper.framework; path = AWSCognito.framework; sourceTree = "<group>"; };
		C00CA6461BBAFF0500B8F505 /* AWSCore.framework */ = {isa = PBXFileReference; lastKnownFileType = wrapper.framework; path = AWSCore.framework; sourceTree = "<group>"; };
		C00CA6471BBAFF0500B8F505 /* AWSDynamoDB.framework */ = {isa = PBXFileReference; lastKnownFileType = wrapper.framework; path = AWSDynamoDB.framework; sourceTree = "<group>"; };
		C00CA6481BBAFF0500B8F505 /* AWSEC2.framework */ = {isa = PBXFileReference; lastKnownFileType = wrapper.framework; path = AWSEC2.framework; sourceTree = "<group>"; };
		C00CA6491BBAFF0500B8F505 /* AWSElasticLoadBalancing.framework */ = {isa = PBXFileReference; lastKnownFileType = wrapper.framework; path = AWSElasticLoadBalancing.framework; sourceTree = "<group>"; };
		C00CA64A1BBAFF0500B8F505 /* AWSKinesis.framework */ = {isa = PBXFileReference; lastKnownFileType = wrapper.framework; path = AWSKinesis.framework; sourceTree = "<group>"; };
		C00CA64B1BBAFF0500B8F505 /* AWSS3.framework */ = {isa = PBXFileReference; lastKnownFileType = wrapper.framework; path = AWSS3.framework; sourceTree = "<group>"; };
		C00CA64C1BBAFF0500B8F505 /* AWSSES.framework */ = {isa = PBXFileReference; lastKnownFileType = wrapper.framework; path = AWSSES.framework; sourceTree = "<group>"; };
		C00CA64D1BBAFF0500B8F505 /* AWSSimpleDB.framework */ = {isa = PBXFileReference; lastKnownFileType = wrapper.framework; path = AWSSimpleDB.framework; sourceTree = "<group>"; };
		C00CA64E1BBAFF0500B8F505 /* AWSSNS.framework */ = {isa = PBXFileReference; lastKnownFileType = wrapper.framework; path = AWSSNS.framework; sourceTree = "<group>"; };
		C00CA64F1BBAFF0500B8F505 /* AWSSQS.framework */ = {isa = PBXFileReference; lastKnownFileType = wrapper.framework; path = AWSSQS.framework; sourceTree = "<group>"; };
		C00CA6501BBAFF0500B8F505 /* BlocksKit.framework */ = {isa = PBXFileReference; lastKnownFileType = wrapper.framework; path = BlocksKit.framework; sourceTree = "<group>"; };
		C00CA6511BBAFF0500B8F505 /* Bolts.framework */ = {isa = PBXFileReference; lastKnownFileType = wrapper.framework; path = Bolts.framework; sourceTree = "<group>"; };
		C00CA6521BBAFF0500B8F505 /* CocoaAsyncSocket.framework */ = {isa = PBXFileReference; lastKnownFileType = wrapper.framework; path = CocoaAsyncSocket.framework; sourceTree = "<group>"; };
		C00CA6531BBAFF0500B8F505 /* CocoaLumberjack.framework */ = {isa = PBXFileReference; lastKnownFileType = wrapper.framework; path = CocoaLumberjack.framework; sourceTree = "<group>"; };
		C00CA6541BBAFF0500B8F505 /* FLEX.framework */ = {isa = PBXFileReference; lastKnownFileType = wrapper.framework; path = FLEX.framework; sourceTree = "<group>"; };
		C00CA6551BBAFF0500B8F505 /* FMDB.framework */ = {isa = PBXFileReference; lastKnownFileType = wrapper.framework; path = FMDB.framework; sourceTree = "<group>"; };
		C00CA6561BBAFF0500B8F505 /* FXBlurView.framework */ = {isa = PBXFileReference; lastKnownFileType = wrapper.framework; path = FXBlurView.framework; sourceTree = "<group>"; };
		C00CA6571BBAFF0500B8F505 /* GBDeviceInfo.framework */ = {isa = PBXFileReference; lastKnownFileType = wrapper.framework; path = GBDeviceInfo.framework; sourceTree = "<group>"; };
		C00CA6581BBAFF0500B8F505 /* GZIP.framework */ = {isa = PBXFileReference; lastKnownFileType = wrapper.framework; path = GZIP.framework; sourceTree = "<group>"; };
		C00CA6591BBAFF0500B8F505 /* HexColors.framework */ = {isa = PBXFileReference; lastKnownFileType = wrapper.framework; path = HexColors.framework; sourceTree = "<group>"; };
		C00CA65A1BBAFF0500B8F505 /* JSQSystemSoundPlayer.framework */ = {isa = PBXFileReference; lastKnownFileType = wrapper.framework; path = JSQSystemSoundPlayer.framework; sourceTree = "<group>"; };
		C00CA65B1BBAFF0500B8F505 /* MagicalRecord.framework */ = {isa = PBXFileReference; lastKnownFileType = wrapper.framework; path = MagicalRecord.framework; sourceTree = "<group>"; };
		C00CA65C1BBAFF0500B8F505 /* Mantle.framework */ = {isa = PBXFileReference; lastKnownFileType = wrapper.framework; path = Mantle.framework; sourceTree = "<group>"; };
		C00CA65D1BBAFF0500B8F505 /* MAObjCRuntime.framework */ = {isa = PBXFileReference; lastKnownFileType = wrapper.framework; path = MAObjCRuntime.framework; sourceTree = "<group>"; };
		C00CA65E1BBAFF0500B8F505 /* Masonry.framework */ = {isa = PBXFileReference; lastKnownFileType = wrapper.framework; path = Masonry.framework; sourceTree = "<group>"; };
		C00CA6601BBAFF0500B8F505 /* Mixpanel.framework */ = {isa = PBXFileReference; lastKnownFileType = wrapper.framework; path = Mixpanel.framework; sourceTree = "<group>"; };
		C00CA6611BBAFF0500B8F505 /* Moya.framework */ = {isa = PBXFileReference; lastKnownFileType = wrapper.framework; path = Moya.framework; sourceTree = "<group>"; };
		C00CA6621BBAFF0500B8F505 /* NJKWebViewProgress.framework */ = {isa = PBXFileReference; lastKnownFileType = wrapper.framework; path = NJKWebViewProgress.framework; sourceTree = "<group>"; };
		C00CA6631BBAFF0500B8F505 /* NPReachability.framework */ = {isa = PBXFileReference; lastKnownFileType = wrapper.framework; path = NPReachability.framework; sourceTree = "<group>"; };
		C00CA6641BBAFF0500B8F505 /* ObjectiveSugar.framework */ = {isa = PBXFileReference; lastKnownFileType = wrapper.framework; path = ObjectiveSugar.framework; sourceTree = "<group>"; };
		C00CA6661BBAFF0500B8F505 /* Reachability.framework */ = {isa = PBXFileReference; lastKnownFileType = wrapper.framework; path = Reachability.framework; sourceTree = "<group>"; };
		C00CA6671BBAFF0500B8F505 /* SAMCategories.framework */ = {isa = PBXFileReference; lastKnownFileType = wrapper.framework; path = SAMCategories.framework; sourceTree = "<group>"; };
		C00CA6681BBAFF0500B8F505 /* Shimmer.framework */ = {isa = PBXFileReference; lastKnownFileType = wrapper.framework; path = Shimmer.framework; sourceTree = "<group>"; };
		C00CA66C1BBAFF0500B8F505 /* SMXMLDocument.framework */ = {isa = PBXFileReference; lastKnownFileType = wrapper.framework; path = SMXMLDocument.framework; sourceTree = "<group>"; };
		C00CA66E1BBAFF0500B8F505 /* SSKeychain.framework */ = {isa = PBXFileReference; lastKnownFileType = wrapper.framework; path = SSKeychain.framework; sourceTree = "<group>"; };
		C00CA66F1BBAFF0500B8F505 /* STPTransitions.framework */ = {isa = PBXFileReference; lastKnownFileType = wrapper.framework; path = STPTransitions.framework; sourceTree = "<group>"; };
		C00CA6701BBAFF0500B8F505 /* TMCache.framework */ = {isa = PBXFileReference; lastKnownFileType = wrapper.framework; path = TMCache.framework; sourceTree = "<group>"; };
		C00CA6711BBAFF0500B8F505 /* TOMSMorphingLabel.framework */ = {isa = PBXFileReference; lastKnownFileType = wrapper.framework; path = TOMSMorphingLabel.framework; sourceTree = "<group>"; };
		C00CA6721BBAFF0500B8F505 /* UICKeyChainStore.framework */ = {isa = PBXFileReference; lastKnownFileType = wrapper.framework; path = UICKeyChainStore.framework; sourceTree = "<group>"; };
		C00CA6731BBAFF0500B8F505 /* UIImage_PDF.framework */ = {isa = PBXFileReference; lastKnownFileType = wrapper.framework; path = UIImage_PDF.framework; sourceTree = "<group>"; };
		C00CA6741BBAFF0500B8F505 /* XMLDictionary.framework */ = {isa = PBXFileReference; lastKnownFileType = wrapper.framework; path = XMLDictionary.framework; sourceTree = "<group>"; };
		C00CA6751BBAFF0500B8F505 /* YapDatabase.framework */ = {isa = PBXFileReference; lastKnownFileType = wrapper.framework; path = YapDatabase.framework; sourceTree = "<group>"; };
		C00CA6761BBAFF0500B8F505 /* zipzap.framework */ = {isa = PBXFileReference; lastKnownFileType = wrapper.framework; path = zipzap.framework; sourceTree = "<group>"; };
/* End PBXFileReference section */

/* Begin PBXFrameworksBuildPhase section */
		C00CA5F41BBAFD1D00B8F505 /* Frameworks */ = {
			isa = PBXFrameworksBuildPhase;
			buildActionMask = 2147483647;
			files = (
			);
			runOnlyForDeploymentPostprocessing = 0;
		};
		C00CA6091BBAFD1D00B8F505 /* Frameworks */ = {
			isa = PBXFrameworksBuildPhase;
			buildActionMask = 2147483647;
			files = (
			);
			runOnlyForDeploymentPostprocessing = 0;
		};
/* End PBXFrameworksBuildPhase section */

/* Begin PBXGroup section */
		C00CA5EE1BBAFD1D00B8F505 = {
			isa = PBXGroup;
			children = (
				C00CA63F1BBAFF0500B8F505 /* Frameworks */,
				C00CA5F91BBAFD1D00B8F505 /* ProfilingDyld */,
				C00CA60F1BBAFD1D00B8F505 /* ProfilingDyldTests */,
				C00CA5F81BBAFD1D00B8F505 /* Products */,
			);
			sourceTree = "<group>";
		};
		C00CA5F81BBAFD1D00B8F505 /* Products */ = {
			isa = PBXGroup;
			children = (
				C00CA5F71BBAFD1D00B8F505 /* ProfilingDyld.app */,
				C00CA60C1BBAFD1D00B8F505 /* ProfilingDyldTests.xctest */,
			);
			name = Products;
			sourceTree = "<group>";
		};
		C00CA5F91BBAFD1D00B8F505 /* ProfilingDyld */ = {
			isa = PBXGroup;
			children = (
				C00CA5FC1BBAFD1D00B8F505 /* AppDelegate.swift */,
				C00CA5FE1BBAFD1D00B8F505 /* ViewController.swift */,
				C00CA6001BBAFD1D00B8F505 /* Main.storyboard */,
				C00CA6031BBAFD1D00B8F505 /* Images.xcassets */,
				C00CA6051BBAFD1D00B8F505 /* LaunchScreen.xib */,
				C00CA5FA1BBAFD1D00B8F505 /* Supporting Files */,
			);
			path = ProfilingDyld;
			sourceTree = "<group>";
		};
		C00CA5FA1BBAFD1D00B8F505 /* Supporting Files */ = {
			isa = PBXGroup;
			children = (
				C00CA5FB1BBAFD1D00B8F505 /* Info.plist */,
			);
			name = "Supporting Files";
			sourceTree = "<group>";
		};
		C00CA60F1BBAFD1D00B8F505 /* ProfilingDyldTests */ = {
			isa = PBXGroup;
			children = (
				C00CA6121BBAFD1D00B8F505 /* ProfilingDyldTests.swift */,
				C00CA6101BBAFD1D00B8F505 /* Supporting Files */,
			);
			path = ProfilingDyldTests;
			sourceTree = "<group>";
		};
		C00CA6101BBAFD1D00B8F505 /* Supporting Files */ = {
			isa = PBXGroup;
			children = (
				C00CA6111BBAFD1D00B8F505 /* Info.plist */,
			);
			name = "Supporting Files";
			sourceTree = "<group>";
		};
		C00CA63F1BBAFF0500B8F505 /* Frameworks */ = {
			isa = PBXGroup;
			children = (
				C00CA6401BBAFF0500B8F505 /* AFNetworking.framework */,
				C00CA6411BBAFF0500B8F505 /* Alamofire.framework */,
				C00CA6421BBAFF0500B8F505 /* Aspects.framework */,
				C00CA6431BBAFF0500B8F505 /* AWSAutoScaling.framework */,
				C00CA6441BBAFF0500B8F505 /* AWSCloudWatch.framework */,
				C00CA6451BBAFF0500B8F505 /* AWSCognito.framework */,
				C00CA6461BBAFF0500B8F505 /* AWSCore.framework */,
				C00CA6471BBAFF0500B8F505 /* AWSDynamoDB.framework */,
				C00CA6481BBAFF0500B8F505 /* AWSEC2.framework */,
				C00CA6491BBAFF0500B8F505 /* AWSElasticLoadBalancing.framework */,
				C00CA64A1BBAFF0500B8F505 /* AWSKinesis.framework */,
				C00CA64B1BBAFF0500B8F505 /* AWSS3.framework */,
				C00CA64C1BBAFF0500B8F505 /* AWSSES.framework */,
				C00CA64D1BBAFF0500B8F505 /* AWSSimpleDB.framework */,
				C00CA64E1BBAFF0500B8F505 /* AWSSNS.framework */,
				C00CA64F1BBAFF0500B8F505 /* AWSSQS.framework */,
				C00CA6501BBAFF0500B8F505 /* BlocksKit.framework */,
				C00CA6511BBAFF0500B8F505 /* Bolts.framework */,
				C00CA6521BBAFF0500B8F505 /* CocoaAsyncSocket.framework */,
				C00CA6531BBAFF0500B8F505 /* CocoaLumberjack.framework */,
				C00CA6541BBAFF0500B8F505 /* FLEX.framework */,
				C00CA6551BBAFF0500B8F505 /* FMDB.framework */,
				C00CA6561BBAFF0500B8F505 /* FXBlurView.framework */,
				C00CA6571BBAFF0500B8F505 /* GBDeviceInfo.framework */,
				C00CA6581BBAFF0500B8F505 /* GZIP.framework */,
				C00CA6591BBAFF0500B8F505 /* HexColors.framework */,
				C00CA65A1BBAFF0500B8F505 /* JSQSystemSoundPlayer.framework */,
				C00CA65B1BBAFF0500B8F505 /* MagicalRecord.framework */,
				C00CA65C1BBAFF0500B8F505 /* Mantle.framework */,
				C00CA65D1BBAFF0500B8F505 /* MAObjCRuntime.framework */,
				C00CA65E1BBAFF0500B8F505 /* Masonry.framework */,
				C00CA6601BBAFF0500B8F505 /* Mixpanel.framework */,
				C00CA6611BBAFF0500B8F505 /* Moya.framework */,
				C00CA6621BBAFF0500B8F505 /* NJKWebViewProgress.framework */,
				C00CA6631BBAFF0500B8F505 /* NPReachability.framework */,
				C00CA6641BBAFF0500B8F505 /* ObjectiveSugar.framework */,
				C00CA6661BBAFF0500B8F505 /* Reachability.framework */,
				C00CA6671BBAFF0500B8F505 /* SAMCategories.framework */,
				C00CA6681BBAFF0500B8F505 /* Shimmer.framework */,
				C00CA66C1BBAFF0500B8F505 /* SMXMLDocument.framework */,
				C00CA66E1BBAFF0500B8F505 /* SSKeychain.framework */,
				C00CA66F1BBAFF0500B8F505 /* STPTransitions.framework */,
				C00CA6701BBAFF0500B8F505 /* TMCache.framework */,
				C00CA6711BBAFF0500B8F505 /* TOMSMorphingLabel.framework */,
				C00CA6721BBAFF0500B8F505 /* UICKeyChainStore.framework */,
				C00CA6731BBAFF0500B8F505 /* UIImage_PDF.framework */,
				C00CA6741BBAFF0500B8F505 /* XMLDictionary.framework */,
				C00CA6751BBAFF0500B8F505 /* YapDatabase.framework */,
				C00CA6761BBAFF0500B8F505 /* zipzap.framework */,
			);
			path = Frameworks;
			sourceTree = "<group>";
		};
/* End PBXGroup section */

/* Begin PBXNativeTarget section */
		C00CA5F61BBAFD1D00B8F505 /* ProfilingDyld */ = {
			isa = PBXNativeTarget;
			buildConfigurationList = C00CA6161BBAFD1D00B8F505 /* Build configuration list for PBXNativeTarget "ProfilingDyld" */;
			buildPhases = (
				C00CA5F31BBAFD1D00B8F505 /* Sources */,
				C00CA5F41BBAFD1D00B8F505 /* Frameworks */,
				C00CA5F51BBAFD1D00B8F505 /* Resources */,
				C00CA6E51BBAFF9000B8F505 /* CopyFiles */,
			);
			buildRules = (
			);
			dependencies = (
			);
			name = ProfilingDyld;
			productName = ProfilingDyld;
			productReference = C00CA5F71BBAFD1D00B8F505 /* ProfilingDyld.app */;
			productType = "com.apple.product-type.application";
		};
		C00CA60B1BBAFD1D00B8F505 /* ProfilingDyldTests */ = {
			isa = PBXNativeTarget;
			buildConfigurationList = C00CA6191BBAFD1D00B8F505 /* Build configuration list for PBXNativeTarget "ProfilingDyldTests" */;
			buildPhases = (
				C00CA6081BBAFD1D00B8F505 /* Sources */,
				C00CA6091BBAFD1D00B8F505 /* Frameworks */,
				C00CA60A1BBAFD1D00B8F505 /* Resources */,
			);
			buildRules = (
			);
			dependencies = (
				C00CA60E1BBAFD1D00B8F505 /* PBXTargetDependency */,
			);
			name = ProfilingDyldTests;
			productName = ProfilingDyldTests;
			productReference = C00CA60C1BBAFD1D00B8F505 /* ProfilingDyldTests.xctest */;
			productType = "com.apple.product-type.bundle.unit-test";
		};
/* End PBXNativeTarget section */

/* Begin PBXProject section */
		C00CA5EF1BBAFD1D00B8F505 /* Project object */ = {
			isa = PBXProject;
			attributes = {
				LastUpgradeCheck = 0640;
				ORGANIZATIONNAME = "Stepan Hruda";
				TargetAttributes = {
					C00CA5F61BBAFD1D00B8F505 = {
						CreatedOnToolsVersion = 6.4;
						DevelopmentTeam = 7P6N7FL2FL;
					};
					C00CA60B1BBAFD1D00B8F505 = {
						CreatedOnToolsVersion = 6.4;
						TestTargetID = C00CA5F61BBAFD1D00B8F505;
					};
				};
			};
			buildConfigurationList = C00CA5F21BBAFD1D00B8F505 /* Build configuration list for PBXProject "ProfilingDyld" */;
			compatibilityVersion = "Xcode 3.2";
			developmentRegion = English;
			hasScannedForEncodings = 0;
			knownRegions = (
				en,
				Base,
			);
			mainGroup = C00CA5EE1BBAFD1D00B8F505;
			productRefGroup = C00CA5F81BBAFD1D00B8F505 /* Products */;
			projectDirPath = "";
			projectRoot = "";
			targets = (
				C00CA5F61BBAFD1D00B8F505 /* ProfilingDyld */,
				C00CA60B1BBAFD1D00B8F505 /* ProfilingDyldTests */,
			);
		};
/* End PBXProject section */

/* Begin PBXResourcesBuildPhase section */
		C00CA5F51BBAFD1D00B8F505 /* Resources */ = {
			isa = PBXResourcesBuildPhase;
			buildActionMask = 2147483647;
			files = (
				C00CA6021BBAFD1D00B8F505 /* Main.storyboard in Resources */,
				C00CA6071BBAFD1D00B8F505 /* LaunchScreen.xib in Resources */,
				C00CA6041BBAFD1D00B8F505 /* Images.xcassets in Resources */,
			);
			runOnlyForDeploymentPostprocessing = 0;
		};
		C00CA60A1BBAFD1D00B8F505 /* Resources */ = {
			isa = PBXResourcesBuildPhase;
			buildActionMask = 2147483647;
			files = (
			);
			runOnlyForDeploymentPostprocessing = 0;
		};
/* End PBXResourcesBuildPhase section */

/* Begin PBXSourcesBuildPhase section */
		C00CA5F31BBAFD1D00B8F505 /* Sources */ = {
			isa = PBXSourcesBuildPhase;
			buildActionMask = 2147483647;
			files = (
				C00CA5FF1BBAFD1D00B8F505 /* ViewController.swift in Sources */,
				C00CA5FD1BBAFD1D00B8F505 /* AppDelegate.swift in Sources */,
			);
			runOnlyForDeploymentPostprocessing = 0;
		};
		C00CA6081BBAFD1D00B8F505 /* Sources */ = {
			isa = PBXSourcesBuildPhase;
			buildActionMask = 2147483647;
			files = (
				C00CA6131BBAFD1D00B8F505 /* ProfilingDyldTests.swift in Sources */,
			);
			runOnlyForDeploymentPostprocessing = 0;
		};
/* End PBXSourcesBuildPhase section */

/* Begin PBXTargetDependency section */
		C00CA60E1BBAFD1D00B8F505 /* PBXTargetDependency */ = {
			isa = PBXTargetDependency;
			target = C00CA5F61BBAFD1D00B8F505 /* ProfilingDyld */;
			targetProxy = C00CA60D1BBAFD1D00B8F505 /* PBXContainerItemProxy */;
		};
/* End PBXTargetDependency section */

/* Begin PBXVariantGroup section */
		C00CA6001BBAFD1D00B8F505 /* Main.storyboard */ = {
			isa = PBXVariantGroup;
			children = (
				C00CA6011BBAFD1D00B8F505 /* Base */,
			);
			name = Main.storyboard;
			sourceTree = "<group>";
		};
		C00CA6051BBAFD1D00B8F505 /* LaunchScreen.xib */ = {
			isa = PBXVariantGroup;
			children = (
				C00CA6061BBAFD1D00B8F505 /* Base */,
			);
			name = LaunchScreen.xib;
			sourceTree = "<group>";
		};
/* End PBXVariantGroup section */

/* Begin XCBuildConfiguration section */
		C00CA6141BBAFD1D00B8F505 /* Debug */ = {
			isa = XCBuildConfiguration;
			buildSettings = {
				ALWAYS_SEARCH_USER_PATHS = NO;
				CLANG_CXX_LANGUAGE_STANDARD = "gnu++0x";
				CLANG_CXX_LIBRARY = "libc++";
				CLANG_ENABLE_MODULES = YES;
				CLANG_ENABLE_OBJC_ARC = YES;
				CLANG_WARN_BOOL_CONVERSION = YES;
				CLANG_WARN_CONSTANT_CONVERSION = YES;
				CLANG_WARN_DIRECT_OBJC_ISA_USAGE = YES_ERROR;
				CLANG_WARN_EMPTY_BODY = YES;
				CLANG_WARN_ENUM_CONVERSION = YES;
				CLANG_WARN_INT_CONVERSION = YES;
				CLANG_WARN_OBJC_ROOT_CLASS = YES_ERROR;
				CLANG_WARN_UNREACHABLE_CODE = YES;
				CLANG_WARN__DUPLICATE_METHOD_MATCH = YES;
				"CODE_SIGN_IDENTITY[sdk=iphoneos*]" = "iPhone Developer";
				COPY_PHASE_STRIP = NO;
				DEBUG_INFORMATION_FORMAT = "dwarf-with-dsym";
				ENABLE_STRICT_OBJC_MSGSEND = YES;
				GCC_C_LANGUAGE_STANDARD = gnu99;
				GCC_DYNAMIC_NO_PIC = NO;
				GCC_NO_COMMON_BLOCKS = YES;
				GCC_OPTIMIZATION_LEVEL = 0;
				GCC_PREPROCESSOR_DEFINITIONS = (
					"DEBUG=1",
					"$(inherited)",
				);
				GCC_SYMBOLS_PRIVATE_EXTERN = NO;
				GCC_WARN_64_TO_32_BIT_CONVERSION = YES;
				GCC_WARN_ABOUT_RETURN_TYPE = YES_ERROR;
				GCC_WARN_UNDECLARED_SELECTOR = YES;
				GCC_WARN_UNINITIALIZED_AUTOS = YES_AGGRESSIVE;
				GCC_WARN_UNUSED_FUNCTION = YES;
				GCC_WARN_UNUSED_VARIABLE = YES;
				IPHONEOS_DEPLOYMENT_TARGET = 8.4;
				MTL_ENABLE_DEBUG_INFO = YES;
				ONLY_ACTIVE_ARCH = YES;
				SDKROOT = iphoneos;
				SWIFT_OPTIMIZATION_LEVEL = "-Onone";
				TARGETED_DEVICE_FAMILY = "1,2";
			};
			name = Debug;
		};
		C00CA6151BBAFD1D00B8F505 /* Release */ = {
			isa = XCBuildConfiguration;
			buildSettings = {
				ALWAYS_SEARCH_USER_PATHS = NO;
				CLANG_CXX_LANGUAGE_STANDARD = "gnu++0x";
				CLANG_CXX_LIBRARY = "libc++";
				CLANG_ENABLE_MODULES = YES;
				CLANG_ENABLE_OBJC_ARC = YES;
				CLANG_WARN_BOOL_CONVERSION = YES;
				CLANG_WARN_CONSTANT_CONVERSION = YES;
				CLANG_WARN_DIRECT_OBJC_ISA_USAGE = YES_ERROR;
				CLANG_WARN_EMPTY_BODY = YES;
				CLANG_WARN_ENUM_CONVERSION = YES;
				CLANG_WARN_INT_CONVERSION = YES;
				CLANG_WARN_OBJC_ROOT_CLASS = YES_ERROR;
				CLANG_WARN_UNREACHABLE_CODE = YES;
				CLANG_WARN__DUPLICATE_METHOD_MATCH = YES;
				"CODE_SIGN_IDENTITY[sdk=iphoneos*]" = "iPhone Developer";
				COPY_PHASE_STRIP = NO;
				DEBUG_INFORMATION_FORMAT = "dwarf-with-dsym";
				ENABLE_NS_ASSERTIONS = NO;
				ENABLE_STRICT_OBJC_MSGSEND = YES;
				GCC_C_LANGUAGE_STANDARD = gnu99;
				GCC_NO_COMMON_BLOCKS = YES;
				GCC_WARN_64_TO_32_BIT_CONVERSION = YES;
				GCC_WARN_ABOUT_RETURN_TYPE = YES_ERROR;
				GCC_WARN_UNDECLARED_SELECTOR = YES;
				GCC_WARN_UNINITIALIZED_AUTOS = YES_AGGRESSIVE;
				GCC_WARN_UNUSED_FUNCTION = YES;
				GCC_WARN_UNUSED_VARIABLE = YES;
				IPHONEOS_DEPLOYMENT_TARGET = 8.4;
				MTL_ENABLE_DEBUG_INFO = NO;
				SDKROOT = iphoneos;
				TARGETED_DEVICE_FAMILY = "1,2";
				VALIDATE_PRODUCT = YES;
			};
			name = Release;
		};
		C00CA6171BBAFD1D00B8F505 /* Debug */ = {
			isa = XCBuildConfiguration;
			buildSettings = {
				ASSETCATALOG_COMPILER_APPICON_NAME = AppIcon;
				CODE_SIGN_IDENTITY = "iPhone Developer";
				FRAMEWORK_SEARCH_PATHS = (
					"$(inherited)",
					"$(PROJECT_DIR)/Frameworks",
				);
				INFOPLIST_FILE = ProfilingDyld/Info.plist;
				LD_RUNPATH_SEARCH_PATHS = "$(inherited) @executable_path/Frameworks";
				PRODUCT_NAME = "$(TARGET_NAME)";
			};
			name = Debug;
		};
		C00CA6181BBAFD1D00B8F505 /* Release */ = {
			isa = XCBuildConfiguration;
			buildSettings = {
				ASSETCATALOG_COMPILER_APPICON_NAME = AppIcon;
				CODE_SIGN_IDENTITY = "iPhone Developer";
				FRAMEWORK_SEARCH_PATHS = (
					"$(inherited)",
					"$(PROJECT_DIR)/Frameworks",
				);
				INFOPLIST_FILE = ProfilingDyld/Info.plist;
				LD_RUNPATH_SEARCH_PATHS = "$(inherited) @executable_path/Frameworks";
				PRODUCT_NAME = "$(TARGET_NAME)";
			};
			name = Release;
		};
		C00CA61A1BBAFD1D00B8F505 /* Debug */ = {
			isa = XCBuildConfiguration;
			buildSettings = {
				BUNDLE_LOADER = "$(TEST_HOST)";
				FRAMEWORK_SEARCH_PATHS = (
					"$(SDKROOT)/Developer/Library/Frameworks",
					"$(inherited)",
				);
				GCC_PREPROCESSOR_DEFINITIONS = (
					"DEBUG=1",
					"$(inherited)",
				);
				INFOPLIST_FILE = ProfilingDyldTests/Info.plist;
				LD_RUNPATH_SEARCH_PATHS = "$(inherited) @executable_path/Frameworks @loader_path/Frameworks";
				PRODUCT_NAME = "$(TARGET_NAME)";
				TEST_HOST = "$(BUILT_PRODUCTS_DIR)/ProfilingDyld.app/ProfilingDyld";
			};
			name = Debug;
		};
		C00CA61B1BBAFD1D00B8F505 /* Release */ = {
			isa = XCBuildConfiguration;
			buildSettings = {
				BUNDLE_LOADER = "$(TEST_HOST)";
				FRAMEWORK_SEARCH_PATHS = (
					"$(SDKROOT)/Developer/Library/Frameworks",
					"$(inherited)",
				);
				INFOPLIST_FILE = ProfilingDyldTests/Info.plist;
				LD_RUNPATH_SEARCH_PATHS = "$(inherited) @executable_path/Frameworks @loader_path/Frameworks";
				PRODUCT_NAME = "$(TARGET_NAME)";
				TEST_HOST = "$(BUILT_PRODUCTS_DIR)/ProfilingDyld.app/ProfilingDyld";
			};
			name = Release;
		};
/* End XCBuildConfiguration section */

/* Begin XCConfigurationList section */
		C00CA5F21BBAFD1D00B8F505 /* Build configuration list for PBXProject "ProfilingDyld" */ = {
			isa = XCConfigurationList;
			buildConfigurations = (
				C00CA6141BBAFD1D00B8F505 /* Debug */,
				C00CA6151BBAFD1D00B8F505 /* Release */,
			);
			defaultConfigurationIsVisible = 0;
			defaultConfigurationName = Release;
		};
		C00CA6161BBAFD1D00B8F505 /* Build configuration list for PBXNativeTarget "ProfilingDyld" */ = {
			isa = XCConfigurationList;
			buildConfigurations = (
				C00CA6171BBAFD1D00B8F505 /* Debug */,
				C00CA6181BBAFD1D00B8F505 /* Release */,
			);
			defaultConfigurationIsVisible = 0;
			defaultConfigurationName = Release;
		};
		C00CA6191BBAFD1D00B8F505 /* Build configuration list for PBXNativeTarget "ProfilingDyldTests" */ = {
			isa = XCConfigurationList;
			buildConfigurations = (
				C00CA61A1BBAFD1D00B8F505 /* Debug */,
				C00CA61B1BBAFD1D00B8F505 /* Release */,
			);
			defaultConfigurationIsVisible = 0;
			defaultConfigurationName = Release;
		};
/* End XCConfigurationList section */
	};
	rootObject = C00CA5EF1BBAFD1D00B8F505 /* Project object */;
}
